// !$*UTF8*$!
{
	archiveVersion = 1;
	classes = {
	};
	objectVersion = 50;
	objects = {

/* Begin PBXBuildFile section */
		1DB095572FB28D7A7434F5C6 /* Pods_iOSHW01.framework in Frameworks */ = {isa = PBXBuildFile; fileRef = 810C753CBEEE0D8B9EC62C0D /* Pods_iOSHW01.framework */; };
		609E424C218D209F0054FDEE /* AppDelegate.swift in Sources */ = {isa = PBXBuildFile; fileRef = 609E424B218D209F0054FDEE /* AppDelegate.swift */; };
		609E424E218D209F0054FDEE /* ViewController.swift in Sources */ = {isa = PBXBuildFile; fileRef = 609E424D218D209F0054FDEE /* ViewController.swift */; };
		609E4251218D209F0054FDEE /* Main.storyboard in Resources */ = {isa = PBXBuildFile; fileRef = 609E424F218D209F0054FDEE /* Main.storyboard */; };
		609E4253218D20A00054FDEE /* Assets.xcassets in Resources */ = {isa = PBXBuildFile; fileRef = 609E4252218D20A00054FDEE /* Assets.xcassets */; };
		609E4256218D20A00054FDEE /* LaunchScreen.storyboard in Resources */ = {isa = PBXBuildFile; fileRef = 609E4254218D20A00054FDEE /* LaunchScreen.storyboard */; };
		FA97727D2192596000BEA199 /* TableViewController.swift in Sources */ = {isa = PBXBuildFile; fileRef = FA97727C2192596000BEA199 /* TableViewController.swift */; };
		FA97727F2192970D00BEA199 /* mainTableViewCell.swift in Sources */ = {isa = PBXBuildFile; fileRef = FA97727E2192970D00BEA199 /* mainTableViewCell.swift */; };
		FA9772812192972300BEA199 /* descriptionTableViewCell.swift in Sources */ = {isa = PBXBuildFile; fileRef = FA9772802192972300BEA199 /* descriptionTableViewCell.swift */; };
		FA9772832192974600BEA199 /* imageTableViewCell.swift in Sources */ = {isa = PBXBuildFile; fileRef = FA9772822192974600BEA199 /* imageTableViewCell.swift */; };
/* End PBXBuildFile section */

/* Begin PBXFileReference section */
		417A26FFD244451CC448640F /* Pods-iOSHW01.debug.xcconfig */ = {isa = PBXFileReference; includeInIndex = 1; lastKnownFileType = text.xcconfig; name = "Pods-iOSHW01.debug.xcconfig"; path = "Pods/Target Support Files/Pods-iOSHW01/Pods-iOSHW01.debug.xcconfig"; sourceTree = "<group>"; };
		609E4248218D209F0054FDEE /* iOSHW01.app */ = {isa = PBXFileReference; explicitFileType = wrapper.application; includeInIndex = 0; path = iOSHW01.app; sourceTree = BUILT_PRODUCTS_DIR; };
		609E424B218D209F0054FDEE /* AppDelegate.swift */ = {isa = PBXFileReference; lastKnownFileType = sourcecode.swift; path = AppDelegate.swift; sourceTree = "<group>"; };
		609E424D218D209F0054FDEE /* ViewController.swift */ = {isa = PBXFileReference; lastKnownFileType = sourcecode.swift; path = ViewController.swift; sourceTree = "<group>"; };
		609E4250218D209F0054FDEE /* Base */ = {isa = PBXFileReference; lastKnownFileType = file.storyboard; name = Base; path = Base.lproj/Main.storyboard; sourceTree = "<group>"; };
		609E4252218D20A00054FDEE /* Assets.xcassets */ = {isa = PBXFileReference; lastKnownFileType = folder.assetcatalog; path = Assets.xcassets; sourceTree = "<group>"; };
		609E4255218D20A00054FDEE /* Base */ = {isa = PBXFileReference; lastKnownFileType = file.storyboard; name = Base; path = Base.lproj/LaunchScreen.storyboard; sourceTree = "<group>"; };
		609E4257218D20A00054FDEE /* Info.plist */ = {isa = PBXFileReference; lastKnownFileType = text.plist.xml; path = Info.plist; sourceTree = "<group>"; };
		810C753CBEEE0D8B9EC62C0D /* Pods_iOSHW01.framework */ = {isa = PBXFileReference; explicitFileType = wrapper.framework; includeInIndex = 0; path = Pods_iOSHW01.framework; sourceTree = BUILT_PRODUCTS_DIR; };
		E85FF0D5DCE932F7D6576E80 /* Pods-iOSHW01.release.xcconfig */ = {isa = PBXFileReference; includeInIndex = 1; lastKnownFileType = text.xcconfig; name = "Pods-iOSHW01.release.xcconfig"; path = "Pods/Target Support Files/Pods-iOSHW01/Pods-iOSHW01.release.xcconfig"; sourceTree = "<group>"; };
		FA97727C2192596000BEA199 /* TableViewController.swift */ = {isa = PBXFileReference; lastKnownFileType = sourcecode.swift; path = TableViewController.swift; sourceTree = "<group>"; };
		FA97727E2192970D00BEA199 /* mainTableViewCell.swift */ = {isa = PBXFileReference; lastKnownFileType = sourcecode.swift; path = mainTableViewCell.swift; sourceTree = "<group>"; };
		FA9772802192972300BEA199 /* descriptionTableViewCell.swift */ = {isa = PBXFileReference; lastKnownFileType = sourcecode.swift; path = descriptionTableViewCell.swift; sourceTree = "<group>"; };
		FA9772822192974600BEA199 /* imageTableViewCell.swift */ = {isa = PBXFileReference; lastKnownFileType = sourcecode.swift; path = imageTableViewCell.swift; sourceTree = "<group>"; };
/* End PBXFileReference section */

/* Begin PBXFrameworksBuildPhase section */
		609E4245218D209F0054FDEE /* Frameworks */ = {
			isa = PBXFrameworksBuildPhase;
			buildActionMask = 2147483647;
			files = (
				1DB095572FB28D7A7434F5C6 /* Pods_iOSHW01.framework in Frameworks */,
			);
			runOnlyForDeploymentPostprocessing = 0;
		};
/* End PBXFrameworksBuildPhase section */

/* Begin PBXGroup section */
		609E423F218D209F0054FDEE = {
			isa = PBXGroup;
			children = (
				609E424A218D209F0054FDEE /* iOSHW01 */,
				609E4249218D209F0054FDEE /* Products */,
				C0495B1C53B39C1E078698E7 /* Pods */,
				BBA24DBF530A54F90E1C808A /* Frameworks */,
			);
			sourceTree = "<group>";
		};
		609E4249218D209F0054FDEE /* Products */ = {
			isa = PBXGroup;
			children = (
				609E4248218D209F0054FDEE /* iOSHW01.app */,
			);
			name = Products;
			sourceTree = "<group>";
		};
		609E424A218D209F0054FDEE /* iOSHW01 */ = {
			isa = PBXGroup;
			children = (
				609E424B218D209F0054FDEE /* AppDelegate.swift */,
				609E424D218D209F0054FDEE /* ViewController.swift */,
				609E424F218D209F0054FDEE /* Main.storyboard */,
				FA97727E2192970D00BEA199 /* mainTableViewCell.swift */,
				FA9772802192972300BEA199 /* descriptionTableViewCell.swift */,
				FA9772822192974600BEA199 /* imageTableViewCell.swift */,
				FA97727C2192596000BEA199 /* TableViewController.swift */,
				609E4252218D20A00054FDEE /* Assets.xcassets */,
				609E4254218D20A00054FDEE /* LaunchScreen.storyboard */,
				609E4257218D20A00054FDEE /* Info.plist */,
			);
			path = iOSHW01;
			sourceTree = "<group>";
		};
		BBA24DBF530A54F90E1C808A /* Frameworks */ = {
			isa = PBXGroup;
			children = (
				810C753CBEEE0D8B9EC62C0D /* Pods_iOSHW01.framework */,
			);
			name = Frameworks;
			sourceTree = "<group>";
		};
		C0495B1C53B39C1E078698E7 /* Pods */ = {
			isa = PBXGroup;
			children = (
				417A26FFD244451CC448640F /* Pods-iOSHW01.debug.xcconfig */,
				E85FF0D5DCE932F7D6576E80 /* Pods-iOSHW01.release.xcconfig */,
			);
			name = Pods;
			sourceTree = "<group>";
		};
/* End PBXGroup section */

/* Begin PBXNativeTarget section */
		609E4247218D209F0054FDEE /* iOSHW01 */ = {
			isa = PBXNativeTarget;
			buildConfigurationList = 609E425A218D20A00054FDEE /* Build configuration list for PBXNativeTarget "iOSHW01" */;
			buildPhases = (
				4140B523F317BD8B0FDB14C3 /* [CP] Check Pods Manifest.lock */,
				609E4244218D209F0054FDEE /* Sources */,
				609E4245218D209F0054FDEE /* Frameworks */,
				609E4246218D209F0054FDEE /* Resources */,
				1340FFB8B47E8DA0A71317F2 /* [CP] Embed Pods Frameworks */,
			);
			buildRules = (
			);
			dependencies = (
			);
			name = iOSHW01;
			productName = iOSHW01;
			productReference = 609E4248218D209F0054FDEE /* iOSHW01.app */;
			productType = "com.apple.product-type.application";
		};
/* End PBXNativeTarget section */

/* Begin PBXProject section */
		609E4240218D209F0054FDEE /* Project object */ = {
			isa = PBXProject;
			attributes = {
				LastSwiftUpdateCheck = 1000;
				LastUpgradeCheck = 1000;
				ORGANIZATIONNAME = "UNC Charlotte";
				TargetAttributes = {
					609E4247218D209F0054FDEE = {
						CreatedOnToolsVersion = 10.0;
					};
				};
			};
			buildConfigurationList = 609E4243218D209F0054FDEE /* Build configuration list for PBXProject "iOSHW01" */;
			compatibilityVersion = "Xcode 9.3";
			developmentRegion = en;
			hasScannedForEncodings = 0;
			knownRegions = (
				en,
				Base,
			);
			mainGroup = 609E423F218D209F0054FDEE;
			productRefGroup = 609E4249218D209F0054FDEE /* Products */;
			projectDirPath = "";
			projectRoot = "";
			targets = (
				609E4247218D209F0054FDEE /* iOSHW01 */,
			);
		};
/* End PBXProject section */

/* Begin PBXResourcesBuildPhase section */
		609E4246218D209F0054FDEE /* Resources */ = {
			isa = PBXResourcesBuildPhase;
			buildActionMask = 2147483647;
			files = (
				609E4256218D20A00054FDEE /* LaunchScreen.storyboard in Resources */,
				609E4253218D20A00054FDEE /* Assets.xcassets in Resources */,
				609E4251218D209F0054FDEE /* Main.storyboard in Resources */,
			);
			runOnlyForDeploymentPostprocessing = 0;
		};
/* End PBXResourcesBuildPhase section */

/* Begin PBXShellScriptBuildPhase section */
		1340FFB8B47E8DA0A71317F2 /* [CP] Embed Pods Frameworks */ = {
			isa = PBXShellScriptBuildPhase;
			buildActionMask = 2147483647;
			files = (
			);
			inputPaths = (
				"${SRCROOT}/Pods/Target Support Files/Pods-iOSHW01/Pods-iOSHW01-frameworks.sh",
				"${BUILT_PRODUCTS_DIR}/Alamofire/Alamofire.framework",
				"${BUILT_PRODUCTS_DIR}/SDWebImage/SDWebImage.framework",
			);
			name = "[CP] Embed Pods Frameworks";
			outputPaths = (
				"${TARGET_BUILD_DIR}/${FRAMEWORKS_FOLDER_PATH}/Alamofire.framework",
				"${TARGET_BUILD_DIR}/${FRAMEWORKS_FOLDER_PATH}/SDWebImage.framework",
			);
			runOnlyForDeploymentPostprocessing = 0;
			shellPath = /bin/sh;
			shellScript = "\"${SRCROOT}/Pods/Target Support Files/Pods-iOSHW01/Pods-iOSHW01-frameworks.sh\"\n";
			showEnvVarsInLog = 0;
		};
		4140B523F317BD8B0FDB14C3 /* [CP] Check Pods Manifest.lock */ = {
			isa = PBXShellScriptBuildPhase;
			buildActionMask = 2147483647;
			files = (
			);
			inputPaths = (
				"${PODS_PODFILE_DIR_PATH}/Podfile.lock",
				"${PODS_ROOT}/Manifest.lock",
			);
			name = "[CP] Check Pods Manifest.lock";
			outputPaths = (
				"$(DERIVED_FILE_DIR)/Pods-iOSHW01-checkManifestLockResult.txt",
			);
			runOnlyForDeploymentPostprocessing = 0;
			shellPath = /bin/sh;
			shellScript = "diff \"${PODS_PODFILE_DIR_PATH}/Podfile.lock\" \"${PODS_ROOT}/Manifest.lock\" > /dev/null\nif [ $? != 0 ] ; then\n    # print error to STDERR\n    echo \"error: The sandbox is not in sync with the Podfile.lock. Run 'pod install' or update your CocoaPods installation.\" >&2\n    exit 1\nfi\n# This output is used by Xcode 'outputs' to avoid re-running this script phase.\necho \"SUCCESS\" > \"${SCRIPT_OUTPUT_FILE_0}\"\n";
			showEnvVarsInLog = 0;
		};
/* End PBXShellScriptBuildPhase section */

/* Begin PBXSourcesBuildPhase section */
		609E4244218D209F0054FDEE /* Sources */ = {
			isa = PBXSourcesBuildPhase;
			buildActionMask = 2147483647;
			files = (
				609E424E218D209F0054FDEE /* ViewController.swift in Sources */,
				FA97727D2192596000BEA199 /* TableViewController.swift in Sources */,
				FA97727F2192970D00BEA199 /* mainTableViewCell.swift in Sources */,
				FA9772812192972300BEA199 /* descriptionTableViewCell.swift in Sources */,
				609E424C218D209F0054FDEE /* AppDelegate.swift in Sources */,
				FA9772832192974600BEA199 /* imageTableViewCell.swift in Sources */,
			);
			runOnlyForDeploymentPostprocessing = 0;
		};
/* End PBXSourcesBuildPhase section */

/* Begin PBXVariantGroup section */
		609E424F218D209F0054FDEE /* Main.storyboard */ = {
			isa = PBXVariantGroup;
			children = (
				609E4250218D209F0054FDEE /* Base */,
			);
			name = Main.storyboard;
			sourceTree = "<group>";
		};
		609E4254218D20A00054FDEE /* LaunchScreen.storyboard */ = {
			isa = PBXVariantGroup;
			children = (
				609E4255218D20A00054FDEE /* Base */,
			);
			name = LaunchScreen.storyboard;
			sourceTree = "<group>";
		};
/* End PBXVariantGroup section */

/* Begin XCBuildConfiguration section */
		609E4258218D20A00054FDEE /* Debug */ = {
			isa = XCBuildConfiguration;
			buildSettings = {
				ALWAYS_SEARCH_USER_PATHS = NO;
				CLANG_ANALYZER_NONNULL = YES;
				CLANG_ANALYZER_NUMBER_OBJECT_CONVERSION = YES_AGGRESSIVE;
				CLANG_CXX_LANGUAGE_STANDARD = "gnu++14";
				CLANG_CXX_LIBRARY = "libc++";
				CLANG_ENABLE_MODULES = YES;
				CLANG_ENABLE_OBJC_ARC = YES;
				CLANG_ENABLE_OBJC_WEAK = YES;
				CLANG_WARN_BLOCK_CAPTURE_AUTORELEASING = YES;
				CLANG_WARN_BOOL_CONVERSION = YES;
				CLANG_WARN_COMMA = YES;
				CLANG_WARN_CONSTANT_CONVERSION = YES;
				CLANG_WARN_DEPRECATED_OBJC_IMPLEMENTATIONS = YES;
				CLANG_WARN_DIRECT_OBJC_ISA_USAGE = YES_ERROR;
				CLANG_WARN_DOCUMENTATION_COMMENTS = YES;
				CLANG_WARN_EMPTY_BODY = YES;
				CLANG_WARN_ENUM_CONVERSION = YES;
				CLANG_WARN_INFINITE_RECURSION = YES;
				CLANG_WARN_INT_CONVERSION = YES;
				CLANG_WARN_NON_LITERAL_NULL_CONVERSION = YES;
				CLANG_WARN_OBJC_IMPLICIT_RETAIN_SELF = YES;
				CLANG_WARN_OBJC_LITERAL_CONVERSION = YES;
				CLANG_WARN_OBJC_ROOT_CLASS = YES_ERROR;
				CLANG_WARN_RANGE_LOOP_ANALYSIS = YES;
				CLANG_WARN_STRICT_PROTOTYPES = YES;
				CLANG_WARN_SUSPICIOUS_MOVE = YES;
				CLANG_WARN_UNGUARDED_AVAILABILITY = YES_AGGRESSIVE;
				CLANG_WARN_UNREACHABLE_CODE = YES;
				CLANG_WARN__DUPLICATE_METHOD_MATCH = YES;
				CODE_SIGN_IDENTITY = "iPhone Developer";
				COPY_PHASE_STRIP = NO;
				DEBUG_INFORMATION_FORMAT = dwarf;
				ENABLE_STRICT_OBJC_MSGSEND = YES;
				ENABLE_TESTABILITY = YES;
				GCC_C_LANGUAGE_STANDARD = gnu11;
				GCC_DYNAMIC_NO_PIC = NO;
				GCC_NO_COMMON_BLOCKS = YES;
				GCC_OPTIMIZATION_LEVEL = 0;
				GCC_PREPROCESSOR_DEFINITIONS = (
					"DEBUG=1",
					"$(inherited)",
				);
				GCC_WARN_64_TO_32_BIT_CONVERSION = YES;
				GCC_WARN_ABOUT_RETURN_TYPE = YES_ERROR;
				GCC_WARN_UNDECLARED_SELECTOR = YES;
				GCC_WARN_UNINITIALIZED_AUTOS = YES_AGGRESSIVE;
				GCC_WARN_UNUSED_FUNCTION = YES;
				GCC_WARN_UNUSED_VARIABLE = YES;
				IPHONEOS_DEPLOYMENT_TARGET = 12.0;
				MTL_ENABLE_DEBUG_INFO = INCLUDE_SOURCE;
				MTL_FAST_MATH = YES;
				ONLY_ACTIVE_ARCH = YES;
				SDKROOT = iphoneos;
				SWIFT_ACTIVE_COMPILATION_CONDITIONS = DEBUG;
				SWIFT_OPTIMIZATION_LEVEL = "-Onone";
			};
			name = Debug;
		};
		609E4259218D20A00054FDEE /* Release */ = {
			isa = XCBuildConfiguration;
			buildSettings = {
				ALWAYS_SEARCH_USER_PATHS = NO;
				CLANG_ANALYZER_NONNULL = YES;
				CLANG_ANALYZER_NUMBER_OBJECT_CONVERSION = YES_AGGRESSIVE;
				CLANG_CXX_LANGUAGE_STANDARD = "gnu++14";
				CLANG_CXX_LIBRARY = "libc++";
				CLANG_ENABLE_MODULES = YES;
				CLANG_ENABLE_OBJC_ARC = YES;
				CLANG_ENABLE_OBJC_WEAK = YES;
				CLANG_WARN_BLOCK_CAPTURE_AUTORELEASING = YES;
				CLANG_WARN_BOOL_CONVERSION = YES;
				CLANG_WARN_COMMA = YES;
				CLANG_WARN_CONSTANT_CONVERSION = YES;
				CLANG_WARN_DEPRECATED_OBJC_IMPLEMENTATIONS = YES;
				CLANG_WARN_DIRECT_OBJC_ISA_USAGE = YES_ERROR;
				CLANG_WARN_DOCUMENTATION_COMMENTS = YES;
				CLANG_WARN_EMPTY_BODY = YES;
				CLANG_WARN_ENUM_CONVERSION = YES;
				CLANG_WARN_INFINITE_RECURSION = YES;
				CLANG_WARN_INT_CONVERSION = YES;
				CLANG_WARN_NON_LITERAL_NULL_CONVERSION = YES;
				CLANG_WARN_OBJC_IMPLICIT_RETAIN_SELF = YES;
				CLANG_WARN_OBJC_LITERAL_CONVERSION = YES;
				CLANG_WARN_OBJC_ROOT_CLASS = YES_ERROR;
				CLANG_WARN_RANGE_LOOP_ANALYSIS = YES;
				CLANG_WARN_STRICT_PROTOTYPES = YES;
				CLANG_WARN_SUSPICIOUS_MOVE = YES;
				CLANG_WARN_UNGUARDED_AVAILABILITY = YES_AGGRESSIVE;
				CLANG_WARN_UNREACHABLE_CODE = YES;
				CLANG_WARN__DUPLICATE_METHOD_MATCH = YES;
				CODE_SIGN_IDENTITY = "iPhone Developer";
				COPY_PHASE_STRIP = NO;
				DEBUG_INFORMATION_FORMAT = "dwarf-with-dsym";
				ENABLE_NS_ASSERTIONS = NO;
				ENABLE_STRICT_OBJC_MSGSEND = YES;
				GCC_C_LANGUAGE_STANDARD = gnu11;
				GCC_NO_COMMON_BLOCKS = YES;
				GCC_WARN_64_TO_32_BIT_CONVERSION = YES;
				GCC_WARN_ABOUT_RETURN_TYPE = YES_ERROR;
				GCC_WARN_UNDECLARED_SELECTOR = YES;
				GCC_WARN_UNINITIALIZED_AUTOS = YES_AGGRESSIVE;
				GCC_WARN_UNUSED_FUNCTION = YES;
				GCC_WARN_UNUSED_VARIABLE = YES;
				IPHONEOS_DEPLOYMENT_TARGET = 12.0;
				MTL_ENABLE_DEBUG_INFO = NO;
				MTL_FAST_MATH = YES;
				SDKROOT = iphoneos;
				SWIFT_COMPILATION_MODE = wholemodule;
				SWIFT_OPTIMIZATION_LEVEL = "-O";
				VALIDATE_PRODUCT = YES;
			};
			name = Release;
		};
		609E425B218D20A00054FDEE /* Debug */ = {
			isa = XCBuildConfiguration;
			baseConfigurationReference = 417A26FFD244451CC448640F /* Pods-iOSHW01.debug.xcconfig */;
			buildSettings = {
				ASSETCATALOG_COMPILER_APPICON_NAME = AppIcon;
				CODE_SIGN_STYLE = Automatic;
				DEVELOPMENT_TEAM = WN3YQ2PUY2;
				INFOPLIST_FILE = iOSHW01/Info.plist;
				LD_RUNPATH_SEARCH_PATHS = (
					"$(inherited)",
					"@executable_path/Frameworks",
				);
				PRODUCT_BUNDLE_IDENTIFIER = edu.uncc.iOSHW01;
				PRODUCT_NAME = "$(TARGET_NAME)";
				SWIFT_VERSION = 4.2;
				TARGETED_DEVICE_FAMILY = "1,2";
			};
			name = Debug;
		};
		609E425C218D20A00054FDEE /* Release */ = {
			isa = XCBuildConfiguration;
			baseConfigurationReference = E85FF0D5DCE932F7D6576E80 /* Pods-iOSHW01.release.xcconfig */;
			buildSettings = {
				ASSETCATALOG_COMPILER_APPICON_NAME = AppIcon;
				CODE_SIGN_STYLE = Automatic;
				DEVELOPMENT_TEAM = WN3YQ2PUY2;
				INFOPLIST_FILE = iOSHW01/Info.plist;
				LD_RUNPATH_SEARCH_PATHS = (
					"$(inherited)",
					"@executable_path/Frameworks",
				);
				PRODUCT_BUNDLE_IDENTIFIER = edu.uncc.iOSHW01;
				PRODUCT_NAME = "$(TARGET_NAME)";
				SWIFT_VERSION = 4.2;
				TARGETED_DEVICE_FAMILY = "1,2";
			};
			name = Release;
		};
/* End XCBuildConfiguration section */

/* Begin XCConfigurationList section */
		609E4243218D209F0054FDEE /* Build configuration list for PBXProject "iOSHW01" */ = {
			isa = XCConfigurationList;
			buildConfigurations = (
				609E4258218D20A00054FDEE /* Debug */,
				609E4259218D20A00054FDEE /* Release */,
			);
			defaultConfigurationIsVisible = 0;
			defaultConfigurationName = Release;
		};
		609E425A218D20A00054FDEE /* Build configuration list for PBXNativeTarget "iOSHW01" */ = {
			isa = XCConfigurationList;
			buildConfigurations = (
				609E425B218D20A00054FDEE /* Debug */,
				609E425C218D20A00054FDEE /* Release */,
			);
			defaultConfigurationIsVisible = 0;
			defaultConfigurationName = Release;
		};
/* End XCConfigurationList section */
	};
	rootObject = 609E4240218D209F0054FDEE /* Project object */;
}
